
Microsoft Visual Studio Solution File, Format Version 12.00
# Visual Studio Version 16
VisualStudioVersion = 16.0.31624.102
MinimumVisualStudioVersion = 10.0.40219.1
Project("{8BC9CEB8-8B4A-11D0-8D11-00A0C91BC942}") = "6236", "6236.vcxproj", "{187CFAF9-11C1-4B83-AA4F-7A42AA92DD20}"
EndProject
Global
	GlobalSection(SolutionConfigurationPlatforms) = preSolution
		Debug|x64 = Debug|x64
		Debug|x86 = Debug|x86
		Release|x64 = Release|x64
		Release|x86 = Release|x86
	EndGlobalSection
	GlobalSection(ProjectConfigurationPlatforms) = postSolution
		{187CFAF9-11C1-4B83-AA4F-7A42AA92DD20}.Debug|x64.ActiveCfg = Debug|x64
		{187CFAF9-11C1-4B83-AA4F-7A42AA92DD20}.Debug|x64.Build.0 = Debug|x64
		{187CFAF9-11C1-4B83-AA4F-7A42AA92DD20}.Debug|x86.ActiveCfg = Debug|Win32
		{187CFAF9-11C1-4B83-AA4F-7A42AA92DD20}.Debug|x86.Build.0 = Debug|Win32
		{187CFAF9-11C1-4B83-AA4F-7A42AA92DD20}.Release|x64.ActiveCfg = Release|x64
		{187CFAF9-11C1-4B83-AA4F-7A42AA92DD20}.Release|x64.Build.0 = Release|x64
		{187CFAF9-11C1-4B83-AA4F-7A42AA92DD20}.Release|x86.ActiveCfg = Release|Win32
		{187CFAF9-11C1-4B83-AA4F-7A42AA92DD20}.Release|x86.Build.0 = Release|Win32
	EndGlobalSection
	GlobalSection(SolutionProperties) = preSolution
		HideSolutionNode = FALSE
	EndGlobalSection
	GlobalSection(ExtensibilityGlobals) = postSolution
		SolutionGuid = {F426122A-0818-43C1-BDA1-C3C77480A135}
	EndGlobalSection
EndGlobal
